
Microsoft Visual Studio Solution File, Format Version 12.00
# Visual Studio Version 16
VisualStudioVersion = 16.0.30804.86
MinimumVisualStudioVersion = 10.0.40219.1
Project("{9A19103F-16F7-4668-BE54-9A1E7A4F7556}") = "api", "api\api.csproj", "{FEE7C11F-877A-4883-BFB6-3FE26EE5D01E}"
EndProject
Project("{9A19103F-16F7-4668-BE54-9A1E7A4F7556}") = "core", "core\core.csproj", "{C3B096EC-C8AC-491F-A325-CF8B0427525C}"
EndProject
Project("{9A19103F-16F7-4668-BE54-9A1E7A4F7556}") = "data", "data\data.csproj", "{03B8E91D-39BD-4712-AE12-EAFEBC4BD185}"
EndProject
Project("{9A19103F-16F7-4668-BE54-9A1E7A4F7556}") = "service", "service\service.csproj", "{ED7164B7-5EF6-4AFC-8BB2-73194F1A8874}"
EndProject
Project("{FAE04EC0-301F-11D3-BF4B-00C04F79EFBC}") = "mvc", "mvc\mvc.csproj", "{D45BE4C8-09FE-4DD4-978A-21A6ADDC0D7C}"
EndProject
Global
	GlobalSection(SolutionConfigurationPlatforms) = preSolution
		Debug|Any CPU = Debug|Any CPU
		Release|Any CPU = Release|Any CPU
	EndGlobalSection
	GlobalSection(ProjectConfigurationPlatforms) = postSolution
		{FEE7C11F-877A-4883-BFB6-3FE26EE5D01E}.Debug|Any CPU.ActiveCfg = Debug|Any CPU
		{FEE7C11F-877A-4883-BFB6-3FE26EE5D01E}.Debug|Any CPU.Build.0 = Debug|Any CPU
		{FEE7C11F-877A-4883-BFB6-3FE26EE5D01E}.Release|Any CPU.ActiveCfg = Release|Any CPU
		{FEE7C11F-877A-4883-BFB6-3FE26EE5D01E}.Release|Any CPU.Build.0 = Release|Any CPU
		{C3B096EC-C8AC-491F-A325-CF8B0427525C}.Debug|Any CPU.ActiveCfg = Debug|Any CPU
		{C3B096EC-C8AC-491F-A325-CF8B0427525C}.Debug|Any CPU.Build.0 = Debug|Any CPU
		{C3B096EC-C8AC-491F-A325-CF8B0427525C}.Release|Any CPU.ActiveCfg = Release|Any CPU
		{C3B096EC-C8AC-491F-A325-CF8B0427525C}.Release|Any CPU.Build.0 = Release|Any CPU
		{03B8E91D-39BD-4712-AE12-EAFEBC4BD185}.Debug|Any CPU.ActiveCfg = Debug|Any CPU
		{03B8E91D-39BD-4712-AE12-EAFEBC4BD185}.Debug|Any CPU.Build.0 = Debug|Any CPU
		{03B8E91D-39BD-4712-AE12-EAFEBC4BD185}.Release|Any CPU.ActiveCfg = Release|Any CPU
		{03B8E91D-39BD-4712-AE12-EAFEBC4BD185}.Release|Any CPU.Build.0 = Release|Any CPU
		{ED7164B7-5EF6-4AFC-8BB2-73194F1A8874}.Debug|Any CPU.ActiveCfg = Debug|Any CPU
		{ED7164B7-5EF6-4AFC-8BB2-73194F1A8874}.Debug|Any CPU.Build.0 = Debug|Any CPU
		{ED7164B7-5EF6-4AFC-8BB2-73194F1A8874}.Release|Any CPU.ActiveCfg = Release|Any CPU
		{ED7164B7-5EF6-4AFC-8BB2-73194F1A8874}.Release|Any CPU.Build.0 = Release|Any CPU
		{D45BE4C8-09FE-4DD4-978A-21A6ADDC0D7C}.Debug|Any CPU.ActiveCfg = Debug|Any CPU
		{D45BE4C8-09FE-4DD4-978A-21A6ADDC0D7C}.Debug|Any CPU.Build.0 = Debug|Any CPU
		{D45BE4C8-09FE-4DD4-978A-21A6ADDC0D7C}.Release|Any CPU.ActiveCfg = Release|Any CPU
		{D45BE4C8-09FE-4DD4-978A-21A6ADDC0D7C}.Release|Any CPU.Build.0 = Release|Any CPU
	EndGlobalSection
	GlobalSection(SolutionProperties) = preSolution
		HideSolutionNode = FALSE
	EndGlobalSection
	GlobalSection(ExtensibilityGlobals) = postSolution
		SolutionGuid = {95C67CE3-7B21-4465-925A-F4A2AC5C54D3}
	EndGlobalSection
EndGlobal
